
Microsoft Visual Studio Solution File, Format Version 12.00
# Visual Studio Version 17
VisualStudioVersion = 17.10.34707.107
MinimumVisualStudioVersion = 10.0.40219.1
Project("{9A19103F-16F7-4668-BE54-9A1E7A4F7556}") = "GGMS.Web", "GGMS.Web.csproj", "{DA33274D-E9B2-4B7C-81FD-B74BD944F0EC}"
EndProject
Project("{FAE04EC0-301F-11D3-BF4B-00C04F79EFBC}") = "GGMS.Common", "..\GGMS.Common\GGMS.Common.csproj", "{9EEAD959-0447-4779-AD64-7DFAF414B425}"
EndProject
Project("{2150E333-8FDC-42A3-9474-1A3956D46DE8}") = "Web", "Web", "{83D26418-4950-47F9-A572-7B7910F89EBC}"
EndProject
Project("{2150E333-8FDC-42A3-9474-1A3956D46DE8}") = "Data", "Data", "{1BBBE923-469E-4F1D-8FAF-7CB51C021CCF}"
EndProject
Project("{FAE04EC0-301F-11D3-BF4B-00C04F79EFBC}") = "GGMS.Data", "..\GGMS.Data\GGMS.Data.csproj", "{EB9020BE-119C-412F-8BCC-764E28773F3C}"
EndProject
Project("{FAE04EC0-301F-11D3-BF4B-00C04F79EFBC}") = "GGMS.Data.Models", "..\GGMS.Data.Models\GGMS.Data.Models.csproj", "{99B8E468-1A42-40FC-80CD-05E9950596DA}"
EndProject
Project("{FAE04EC0-301F-11D3-BF4B-00C04F79EFBC}") = "GGMS.Web.ViewModels", "..\GGMS.Web.ViewModels\GGMS.Web.ViewModels.csproj", "{CE3F511B-5A39-4C35-B7F4-06639FD3D488}"
EndProject
Global
	GlobalSection(SolutionConfigurationPlatforms) = preSolution
		Debug|Any CPU = Debug|Any CPU
		Release|Any CPU = Release|Any CPU
	EndGlobalSection
	GlobalSection(ProjectConfigurationPlatforms) = postSolution
		{DA33274D-E9B2-4B7C-81FD-B74BD944F0EC}.Debug|Any CPU.ActiveCfg = Debug|Any CPU
		{DA33274D-E9B2-4B7C-81FD-B74BD944F0EC}.Debug|Any CPU.Build.0 = Debug|Any CPU
		{DA33274D-E9B2-4B7C-81FD-B74BD944F0EC}.Release|Any CPU.ActiveCfg = Release|Any CPU
		{DA33274D-E9B2-4B7C-81FD-B74BD944F0EC}.Release|Any CPU.Build.0 = Release|Any CPU
		{9EEAD959-0447-4779-AD64-7DFAF414B425}.Debug|Any CPU.ActiveCfg = Debug|Any CPU
		{9EEAD959-0447-4779-AD64-7DFAF414B425}.Debug|Any CPU.Build.0 = Debug|Any CPU
		{9EEAD959-0447-4779-AD64-7DFAF414B425}.Release|Any CPU.ActiveCfg = Release|Any CPU
		{9EEAD959-0447-4779-AD64-7DFAF414B425}.Release|Any CPU.Build.0 = Release|Any CPU
		{EB9020BE-119C-412F-8BCC-764E28773F3C}.Debug|Any CPU.ActiveCfg = Debug|Any CPU
		{EB9020BE-119C-412F-8BCC-764E28773F3C}.Debug|Any CPU.Build.0 = Debug|Any CPU
		{EB9020BE-119C-412F-8BCC-764E28773F3C}.Release|Any CPU.ActiveCfg = Release|Any CPU
		{EB9020BE-119C-412F-8BCC-764E28773F3C}.Release|Any CPU.Build.0 = Release|Any CPU
		{99B8E468-1A42-40FC-80CD-05E9950596DA}.Debug|Any CPU.ActiveCfg = Debug|Any CPU
		{99B8E468-1A42-40FC-80CD-05E9950596DA}.Debug|Any CPU.Build.0 = Debug|Any CPU
		{99B8E468-1A42-40FC-80CD-05E9950596DA}.Release|Any CPU.ActiveCfg = Release|Any CPU
		{99B8E468-1A42-40FC-80CD-05E9950596DA}.Release|Any CPU.Build.0 = Release|Any CPU
		{CE3F511B-5A39-4C35-B7F4-06639FD3D488}.Debug|Any CPU.ActiveCfg = Debug|Any CPU
		{CE3F511B-5A39-4C35-B7F4-06639FD3D488}.Debug|Any CPU.Build.0 = Debug|Any CPU
		{CE3F511B-5A39-4C35-B7F4-06639FD3D488}.Release|Any CPU.ActiveCfg = Release|Any CPU
		{CE3F511B-5A39-4C35-B7F4-06639FD3D488}.Release|Any CPU.Build.0 = Release|Any CPU
	EndGlobalSection
	GlobalSection(SolutionProperties) = preSolution
		HideSolutionNode = FALSE
	EndGlobalSection
	GlobalSection(NestedProjects) = preSolution
		{DA33274D-E9B2-4B7C-81FD-B74BD944F0EC} = {83D26418-4950-47F9-A572-7B7910F89EBC}
		{EB9020BE-119C-412F-8BCC-764E28773F3C} = {1BBBE923-469E-4F1D-8FAF-7CB51C021CCF}
		{99B8E468-1A42-40FC-80CD-05E9950596DA} = {1BBBE923-469E-4F1D-8FAF-7CB51C021CCF}
		{CE3F511B-5A39-4C35-B7F4-06639FD3D488} = {83D26418-4950-47F9-A572-7B7910F89EBC}
	EndGlobalSection
	GlobalSection(ExtensibilityGlobals) = postSolution
		SolutionGuid = {860C08D0-D7FC-4B05-8475-96F7BB1663FC}
	EndGlobalSection
EndGlobal
